{
  "version": 4,
  "terraform_version": "1.14.9",
  "serial": 1,
  "lineage": "28fdbbdd-e382-f17e-e439-4f59012de1d5",
  "outputs": {
    "file_name": {
      "value": "student.txt",
      "type": "string"
    }
  },
  "resources": [
    {
      "mode": "managed",
      "type": "local_file",
      "name": "student",
      "provider": "provider[\"registry.terraform.io/hashicorp/local\"]",
      "instances": [
        {
          "schema_version": 0,
          "attributes": {
            "content": "Bui Thi Thuy Trang",
            "content_base64": null,
            "content_base64sha256": "yLj4tGOwdAgNGta+dng672S3TQNAmyV2iyqXqDBZG90=",
            "content_base64sha512": "S7vz0E86Sepx+1EzyX0IiZ+axseo3tB9XdE97c2HOAzpdFkA9HFgh7bzIENhMmr1ri5jRW6tMuwuuWUgGJTnCw==",
            "content_md5": "18970b4e15645aeeb438aa1f1e709733",
            "content_sha1": "06007aa6ed067929aeae42910ea3395e760f8e36",
            "content_sha256": "c8b8f8b463b074080d1ad6be76783aef64b74d03409b25768b2a97a830591bdd",
            "content_sha512": "4bbbf3d04f3a49ea71fb5133c97d08899f9ac6c7a8ded07d5dd13dedcd87380ce9745900f4716087b6f3204361326af5ae2e63456ead32ec2eb965201894e70b",
            "directory_permission": "0777",
            "file_permission": "0777",
            "filename": "student.txt",
            "id": "06007aa6ed067929aeae42910ea3395e760f8e36",
            "sensitive_content": null,
            "source": null
          },
          "sensitive_attributes": [
            [
              {
                "type": "get_attr",
                "value": "sensitive_content"
              }
            ]
          ],
          "identity_schema_version": 0
        }
      ]
    }
  ],
  "check_results": null
}
